{
    "name": "rin-compiler",
    "version": "1.0.1",
    "lockfileVersion": 2,
    "requires": true,
    "packages": {
        "": {
            "name": "rin-compiler",
            "version": "1.0.1",
            "license": "CC-BY-NC-SA-4.0",
            "bin": {
                "rin": "lib/bin.js"
            },
            "devDependencies": {
                "@types/node": "^17.0.16"
            },
            "engines": {
                "node": ">=14.0.0"
            }
        },
        "node_modules/@types/node": {
            "version": "17.0.16",
            "resolved": "https://registry.npmjs.org/@types/node/-/node-17.0.16.tgz",
            "integrity": "sha512-ydLaGVfQOQ6hI1xK2A5nVh8bl0OGoIfYMxPWHqqYe9bTkWCfqiVvZoh2I/QF2sNSkZzZyROBoTefIEI+PB6iIA==",
            "dev": true
        }
    },
    "dependencies": {
        "@types/node": {
            "version": "17.0.16",
            "resolved": "https://registry.npmjs.org/@types/node/-/node-17.0.16.tgz",
            "integrity": "sha512-ydLaGVfQOQ6hI1xK2A5nVh8bl0OGoIfYMxPWHqqYe9bTkWCfqiVvZoh2I/QF2sNSkZzZyROBoTefIEI+PB6iIA==",
            "dev": true
        }
    }
}
