{
    "name": "rin-compiler",
    "version": "0.0.0",
    "lockfileVersion": 2,
    "requires": true,
    "packages": {
        "": {
            "name": "rin-compiler",
            "version": "0.0.0",
            "license": "CC-BY-NC-SA-4.0",
            "dependencies": {
                "typescript": "^4.7.0-dev.20220301"
            },
            "devDependencies": {
                "@types/node": "^17.0.16"
            },
            "engines": {
                "node": ">=14.0.0"
            }
        },
        "node_modules/@types/node": {
            "version": "17.0.16",
            "resolved": "https://registry.npmjs.org/@types/node/-/node-17.0.16.tgz",
            "integrity": "sha512-ydLaGVfQOQ6hI1xK2A5nVh8bl0OGoIfYMxPWHqqYe9bTkWCfqiVvZoh2I/QF2sNSkZzZyROBoTefIEI+PB6iIA==",
            "dev": true
        },
        "node_modules/typescript": {
            "version": "4.7.0-dev.20220301",
            "resolved": "https://registry.npmjs.org/typescript/-/typescript-4.7.0-dev.20220301.tgz",
            "integrity": "sha512-5li8nRSiJvEFMjl/wsBpvVBExdqWfEWwWuqBV1nXOPHjvgje1AktJXy1pswgNyX6hdozs9oWMOGWQ9L0JNNKJg==",
            "bin": {
                "tsc": "bin/tsc",
                "tsserver": "bin/tsserver"
            },
            "engines": {
                "node": ">=4.2.0"
            }
        }
    },
    "dependencies": {
        "@types/node": {
            "version": "17.0.16",
            "resolved": "https://registry.npmjs.org/@types/node/-/node-17.0.16.tgz",
            "integrity": "sha512-ydLaGVfQOQ6hI1xK2A5nVh8bl0OGoIfYMxPWHqqYe9bTkWCfqiVvZoh2I/QF2sNSkZzZyROBoTefIEI+PB6iIA==",
            "dev": true
        },
        "typescript": {
            "version": "4.7.0-dev.20220301",
            "resolved": "https://registry.npmjs.org/typescript/-/typescript-4.7.0-dev.20220301.tgz",
            "integrity": "sha512-5li8nRSiJvEFMjl/wsBpvVBExdqWfEWwWuqBV1nXOPHjvgje1AktJXy1pswgNyX6hdozs9oWMOGWQ9L0JNNKJg=="
        }
    }
}
